
Microsoft Visual Studio Solution File, Format Version 12.00
# Visual Studio Version 16
VisualStudioVersion = 16.0.32002.261
MinimumVisualStudioVersion = 10.0.40219.1
Project("{FAE04EC0-301F-11D3-BF4B-00C04F79EFBC}") = "Assignment2", "Assignment2\Assignment2.csproj", "{4970FAF1-3429-4134-BCE7-74B4D3980B63}"
EndProject
Global
	GlobalSection(SolutionConfigurationPlatforms) = preSolution
		Debug|Any CPU = Debug|Any CPU
		Release|Any CPU = Release|Any CPU
	EndGlobalSection
	GlobalSection(ProjectConfigurationPlatforms) = postSolution
		{4970FAF1-3429-4134-BCE7-74B4D3980B63}.Debug|Any CPU.ActiveCfg = Debug|Any CPU
		{4970FAF1-3429-4134-BCE7-74B4D3980B63}.Debug|Any CPU.Build.0 = Debug|Any CPU
		{4970FAF1-3429-4134-BCE7-74B4D3980B63}.Release|Any CPU.ActiveCfg = Release|Any CPU
		{4970FAF1-3429-4134-BCE7-74B4D3980B63}.Release|Any CPU.Build.0 = Release|Any CPU
	EndGlobalSection
	GlobalSection(SolutionProperties) = preSolution
		HideSolutionNode = FALSE
	EndGlobalSection
	GlobalSection(ExtensibilityGlobals) = postSolution
		SolutionGuid = {264DDB6A-3612-4082-A1C8-58169D5E7330}
	EndGlobalSection
EndGlobal
